# This file is automatically @generated by Cargo.
# It is not intended for manual editing.
version = 3

[[package]]
name = "swlc_cli"
version = "0.1.0"
dependencies = [
 "swlc_com",
]

[[package]]
name = "swlc_com"
version = "0.1.0"

[[package]]
name = "swlc_gen"
version = "0.1.0"
dependencies = [
 "swlc_com",
]

[[package]]
name = "swlc_gui"
version = "0.1.0"
dependencies = [
 "swlc_com",
]
